Microsoft Visual Studio Solution File, Format Version 11.00
# Visual Studio 2008

Project("{8680C4C6-AE1F-F570-D157-BE8D4B630413}") = "SEESSignallingSoftware", "Assembly-CSharp.csproj", "{0623ED8C-54D9-D6BD-B018-9EFD9533F469}"
EndProject
Project("{8680C4C6-AE1F-F570-D157-BE8D4B630413}") = "SEESSignallingSoftware", "Assembly-CSharp-Editor.csproj", "{7751E8BE-E0A7-FC9C-EB5F-B0FF53612DA6}"
EndProject
Project("{8680C4C6-AE1F-F570-D157-BE8D4B630413}") = "SEESSignallingSoftware", "Assembly-UnityScript.unityproj", "{061B867F-8A70-1048-0D27-E52127F4DF30}"
EndProject
Global
	GlobalSection(SolutionConfigurationPlatforms) = preSolution
		Debug|Any CPU = Debug|Any CPU
		Release|Any CPU = Release|Any CPU
	EndGlobalSection
	GlobalSection(ProjectConfigurationPlatforms) = postSolution
		{0623ED8C-54D9-D6BD-B018-9EFD9533F469}.Debug|Any CPU.ActiveCfg = Debug|Any CPU
		{0623ED8C-54D9-D6BD-B018-9EFD9533F469}.Debug|Any CPU.Build.0 = Debug|Any CPU
		{0623ED8C-54D9-D6BD-B018-9EFD9533F469}.Release|Any CPU.ActiveCfg = Release|Any CPU
		{0623ED8C-54D9-D6BD-B018-9EFD9533F469}.Release|Any CPU.Build.0 = Release|Any CPU
		{7751E8BE-E0A7-FC9C-EB5F-B0FF53612DA6}.Debug|Any CPU.ActiveCfg = Debug|Any CPU
		{7751E8BE-E0A7-FC9C-EB5F-B0FF53612DA6}.Debug|Any CPU.Build.0 = Debug|Any CPU
		{7751E8BE-E0A7-FC9C-EB5F-B0FF53612DA6}.Release|Any CPU.ActiveCfg = Release|Any CPU
		{7751E8BE-E0A7-FC9C-EB5F-B0FF53612DA6}.Release|Any CPU.Build.0 = Release|Any CPU
		{061B867F-8A70-1048-0D27-E52127F4DF30}.Debug|Any CPU.ActiveCfg = Debug|Any CPU
		{061B867F-8A70-1048-0D27-E52127F4DF30}.Debug|Any CPU.Build.0 = Debug|Any CPU
		{061B867F-8A70-1048-0D27-E52127F4DF30}.Release|Any CPU.ActiveCfg = Release|Any CPU
		{061B867F-8A70-1048-0D27-E52127F4DF30}.Release|Any CPU.Build.0 = Release|Any CPU
	EndGlobalSection
	GlobalSection(SolutionProperties) = preSolution
		HideSolutionNode = FALSE
	EndGlobalSection
																																																																																								GlobalSection(MonoDevelopProperties) = preSolution
		StartupItem = Assembly-CSharp.csproj
		Policies = $0
		$0.TextStylePolicy = $1
		$1.inheritsSet = null
		$1.scope = text/x-csharp
		$0.CSharpFormattingPolicy = $2
		$2.inheritsSet = Mono
		$2.inheritsScope = text/x-csharp
		$2.scope = text/x-csharp
		$0.TextStylePolicy = $3
		$3.FileWidth = 120
		$3.TabWidth = 4
		$3.IndentWidth = 4
		$3.EolMarker = Unix
		$3.inheritsSet = Mono
		$3.inheritsScope = text/plain
		$3.scope = text/plain
	EndGlobalSection

EndGlobal
